
Microsoft Visual Studio Solution File, Format Version 12.00
# Visual Studio 15
VisualStudioVersion = 15.0.28307.106
MinimumVisualStudioVersion = 10.0.40219.1
Project("{FAE04EC0-301F-11D3-BF4B-00C04F79EFBC}") = "HWAdvancedSeleniumPt2", "HWAdvancedSeleniumPt2\HWAdvancedSeleniumPt2.csproj", "{49D6B0E0-651A-4E58-A972-028073F5EA95}"
EndProject
Global
	GlobalSection(SolutionConfigurationPlatforms) = preSolution
		Debug|Any CPU = Debug|Any CPU
		Release|Any CPU = Release|Any CPU
	EndGlobalSection
	GlobalSection(ProjectConfigurationPlatforms) = postSolution
		{49D6B0E0-651A-4E58-A972-028073F5EA95}.Debug|Any CPU.ActiveCfg = Debug|Any CPU
		{49D6B0E0-651A-4E58-A972-028073F5EA95}.Debug|Any CPU.Build.0 = Debug|Any CPU
		{49D6B0E0-651A-4E58-A972-028073F5EA95}.Release|Any CPU.ActiveCfg = Release|Any CPU
		{49D6B0E0-651A-4E58-A972-028073F5EA95}.Release|Any CPU.Build.0 = Release|Any CPU
	EndGlobalSection
	GlobalSection(SolutionProperties) = preSolution
		HideSolutionNode = FALSE
	EndGlobalSection
	GlobalSection(ExtensibilityGlobals) = postSolution
		SolutionGuid = {BD9B542E-1C95-44AE-B078-A16B16D627BE}
	EndGlobalSection
EndGlobal
